GEM
  remote: http://rubygems.org/
  specs:
    bson (1.0.4)
    bson_ext (1.0.4)
    mongo (1.0.6)
      bson (>= 1.0.4)
    plist (3.1.0)
    rack (1.2.1)
    shotgun (0.8)
      rack (>= 1.0)
    sinatra (1.0)
      rack (>= 1.0)

PLATFORMS
  ruby

DEPENDENCIES
  bson_ext
  mongo
  plist
  shotgun
  sinatra
